
Microsoft Visual Studio Solution File, Format Version 12.00
Project("{FAE04EC0-301F-11D3-BF4B-00C04F79EFBC}") = "HelloWorld", "HelloWorld\HelloWorld.csproj", "{4D51D3AF-838C-402E-9250-8E242DE498B5}"
EndProject
Project("{FAE04EC0-301F-11D3-BF4B-00C04F79EFBC}") = "FizzBuzz", "FizzBuzz\FizzBuzz.csproj", "{6E5B3D7B-EAF2-49C7-B7AF-73A88A59A26C}"
EndProject
Project("{FAE04EC0-301F-11D3-BF4B-00C04F79EFBC}") = "FizzBuzz2", "FizzBuzz2\FizzBuzz2.csproj", "{9B12F262-DFAB-46C5-AF22-1AACA8E05163}"
EndProject
Project("{FAE04EC0-301F-11D3-BF4B-00C04F79EFBC}") = "HelloWorldPlusNum", "HelloWorldPlusNum\HelloWorldPlusNum.csproj", "{58A3ECF4-2008-4104-BFD1-980D9D7EF50B}"
EndProject
Project("{FAE04EC0-301F-11D3-BF4B-00C04F79EFBC}") = "AgeChecker", "AgeChecker\AgeChecker.csproj", "{E11E0280-83A8-405E-884D-2509047A70DA}"
EndProject
Project("{FAE04EC0-301F-11D3-BF4B-00C04F79EFBC}") = "CreditcardChecker", "CreditcardChecker\CreditcardChecker.csproj", "{67F9A40D-1E0A-413E-AE5B-43737698320A}"
EndProject
Project("{FAE04EC0-301F-11D3-BF4B-00C04F79EFBC}") = "PythonEksamen", "PythonEksamen\PythonEksamen.csproj", "{6E20BC52-FD49-4ED9-8CC6-F67035C3680E}"
EndProject
Project("{FAE04EC0-301F-11D3-BF4B-00C04F79EFBC}") = "Basics", "Basics\Basics.csproj", "{19CE3E9B-C1FA-4A9B-9BED-C00E8DEC6307}"
EndProject
Project("{FAE04EC0-301F-11D3-BF4B-00C04F79EFBC}") = "Peoples", "Peoples\Peoples.csproj", "{023DBA8A-6EAE-478F-8236-7F2B37FE3ECA}"
EndProject
Project("{FAE04EC0-301F-11D3-BF4B-00C04F79EFBC}") = "PetsInClass", "PetsInClass\PetsInClass.csproj", "{9D0B1B9E-5BE0-4A08-8855-8BDC66E65B6C}"
EndProject
Project("{FAE04EC0-301F-11D3-BF4B-00C04F79EFBC}") = "GamesApp", "GamesApp\GamesApp.csproj", "{F73ED524-ECA1-4C3E-95F7-384E1D08930D}"
EndProject
Project("{FAE04EC0-301F-11D3-BF4B-00C04F79EFBC}") = "MyMath", "MyMath\MyMath.csproj", "{3D8192FD-6183-48B1-840C-A263F745BDD6}"
EndProject
Project("{FAE04EC0-301F-11D3-BF4B-00C04F79EFBC}") = "MathTester", "MathTester\MathTester.csproj", "{3A98D3F9-D279-4862-BB32-C65271FBC004}"
EndProject
Global
	GlobalSection(SolutionConfigurationPlatforms) = preSolution
		Debug|Any CPU = Debug|Any CPU
		Release|Any CPU = Release|Any CPU
	EndGlobalSection
	GlobalSection(ProjectConfigurationPlatforms) = postSolution
		{4D51D3AF-838C-402E-9250-8E242DE498B5}.Debug|Any CPU.ActiveCfg = Debug|Any CPU
		{4D51D3AF-838C-402E-9250-8E242DE498B5}.Debug|Any CPU.Build.0 = Debug|Any CPU
		{4D51D3AF-838C-402E-9250-8E242DE498B5}.Release|Any CPU.ActiveCfg = Release|Any CPU
		{4D51D3AF-838C-402E-9250-8E242DE498B5}.Release|Any CPU.Build.0 = Release|Any CPU
		{6E5B3D7B-EAF2-49C7-B7AF-73A88A59A26C}.Debug|Any CPU.ActiveCfg = Debug|Any CPU
		{6E5B3D7B-EAF2-49C7-B7AF-73A88A59A26C}.Debug|Any CPU.Build.0 = Debug|Any CPU
		{6E5B3D7B-EAF2-49C7-B7AF-73A88A59A26C}.Release|Any CPU.ActiveCfg = Release|Any CPU
		{6E5B3D7B-EAF2-49C7-B7AF-73A88A59A26C}.Release|Any CPU.Build.0 = Release|Any CPU
		{9B12F262-DFAB-46C5-AF22-1AACA8E05163}.Debug|Any CPU.ActiveCfg = Debug|Any CPU
		{9B12F262-DFAB-46C5-AF22-1AACA8E05163}.Debug|Any CPU.Build.0 = Debug|Any CPU
		{9B12F262-DFAB-46C5-AF22-1AACA8E05163}.Release|Any CPU.ActiveCfg = Release|Any CPU
		{9B12F262-DFAB-46C5-AF22-1AACA8E05163}.Release|Any CPU.Build.0 = Release|Any CPU
		{58A3ECF4-2008-4104-BFD1-980D9D7EF50B}.Debug|Any CPU.ActiveCfg = Debug|Any CPU
		{58A3ECF4-2008-4104-BFD1-980D9D7EF50B}.Debug|Any CPU.Build.0 = Debug|Any CPU
		{58A3ECF4-2008-4104-BFD1-980D9D7EF50B}.Release|Any CPU.ActiveCfg = Release|Any CPU
		{58A3ECF4-2008-4104-BFD1-980D9D7EF50B}.Release|Any CPU.Build.0 = Release|Any CPU
		{E11E0280-83A8-405E-884D-2509047A70DA}.Debug|Any CPU.ActiveCfg = Debug|Any CPU
		{E11E0280-83A8-405E-884D-2509047A70DA}.Debug|Any CPU.Build.0 = Debug|Any CPU
		{E11E0280-83A8-405E-884D-2509047A70DA}.Release|Any CPU.ActiveCfg = Release|Any CPU
		{E11E0280-83A8-405E-884D-2509047A70DA}.Release|Any CPU.Build.0 = Release|Any CPU
		{67F9A40D-1E0A-413E-AE5B-43737698320A}.Debug|Any CPU.ActiveCfg = Debug|Any CPU
		{67F9A40D-1E0A-413E-AE5B-43737698320A}.Debug|Any CPU.Build.0 = Debug|Any CPU
		{67F9A40D-1E0A-413E-AE5B-43737698320A}.Release|Any CPU.ActiveCfg = Release|Any CPU
		{67F9A40D-1E0A-413E-AE5B-43737698320A}.Release|Any CPU.Build.0 = Release|Any CPU
		{6E20BC52-FD49-4ED9-8CC6-F67035C3680E}.Debug|Any CPU.ActiveCfg = Debug|Any CPU
		{6E20BC52-FD49-4ED9-8CC6-F67035C3680E}.Debug|Any CPU.Build.0 = Debug|Any CPU
		{6E20BC52-FD49-4ED9-8CC6-F67035C3680E}.Release|Any CPU.ActiveCfg = Release|Any CPU
		{6E20BC52-FD49-4ED9-8CC6-F67035C3680E}.Release|Any CPU.Build.0 = Release|Any CPU
		{19CE3E9B-C1FA-4A9B-9BED-C00E8DEC6307}.Debug|Any CPU.ActiveCfg = Debug|Any CPU
		{19CE3E9B-C1FA-4A9B-9BED-C00E8DEC6307}.Debug|Any CPU.Build.0 = Debug|Any CPU
		{19CE3E9B-C1FA-4A9B-9BED-C00E8DEC6307}.Release|Any CPU.ActiveCfg = Release|Any CPU
		{19CE3E9B-C1FA-4A9B-9BED-C00E8DEC6307}.Release|Any CPU.Build.0 = Release|Any CPU
		{023DBA8A-6EAE-478F-8236-7F2B37FE3ECA}.Debug|Any CPU.ActiveCfg = Debug|Any CPU
		{023DBA8A-6EAE-478F-8236-7F2B37FE3ECA}.Debug|Any CPU.Build.0 = Debug|Any CPU
		{023DBA8A-6EAE-478F-8236-7F2B37FE3ECA}.Release|Any CPU.ActiveCfg = Release|Any CPU
		{023DBA8A-6EAE-478F-8236-7F2B37FE3ECA}.Release|Any CPU.Build.0 = Release|Any CPU
		{9D0B1B9E-5BE0-4A08-8855-8BDC66E65B6C}.Debug|Any CPU.ActiveCfg = Debug|Any CPU
		{9D0B1B9E-5BE0-4A08-8855-8BDC66E65B6C}.Debug|Any CPU.Build.0 = Debug|Any CPU
		{9D0B1B9E-5BE0-4A08-8855-8BDC66E65B6C}.Release|Any CPU.ActiveCfg = Release|Any CPU
		{9D0B1B9E-5BE0-4A08-8855-8BDC66E65B6C}.Release|Any CPU.Build.0 = Release|Any CPU
		{F73ED524-ECA1-4C3E-95F7-384E1D08930D}.Debug|Any CPU.ActiveCfg = Debug|Any CPU
		{F73ED524-ECA1-4C3E-95F7-384E1D08930D}.Debug|Any CPU.Build.0 = Debug|Any CPU
		{F73ED524-ECA1-4C3E-95F7-384E1D08930D}.Release|Any CPU.ActiveCfg = Release|Any CPU
		{F73ED524-ECA1-4C3E-95F7-384E1D08930D}.Release|Any CPU.Build.0 = Release|Any CPU
		{3D8192FD-6183-48B1-840C-A263F745BDD6}.Debug|Any CPU.ActiveCfg = Debug|Any CPU
		{3D8192FD-6183-48B1-840C-A263F745BDD6}.Debug|Any CPU.Build.0 = Debug|Any CPU
		{3D8192FD-6183-48B1-840C-A263F745BDD6}.Release|Any CPU.ActiveCfg = Release|Any CPU
		{3D8192FD-6183-48B1-840C-A263F745BDD6}.Release|Any CPU.Build.0 = Release|Any CPU
		{3A98D3F9-D279-4862-BB32-C65271FBC004}.Debug|Any CPU.ActiveCfg = Debug|Any CPU
		{3A98D3F9-D279-4862-BB32-C65271FBC004}.Debug|Any CPU.Build.0 = Debug|Any CPU
		{3A98D3F9-D279-4862-BB32-C65271FBC004}.Release|Any CPU.ActiveCfg = Release|Any CPU
		{3A98D3F9-D279-4862-BB32-C65271FBC004}.Release|Any CPU.Build.0 = Release|Any CPU
	EndGlobalSection
EndGlobal
