
Microsoft Visual Studio Solution File, Format Version 12.00
Project("{FAE04EC0-301F-11D3-BF4B-00C04F79EFBC}") = "HelloWorld", "HelloWorld\HelloWorld.csproj", "{4D51D3AF-838C-402E-9250-8E242DE498B5}"
EndProject
Project("{FAE04EC0-301F-11D3-BF4B-00C04F79EFBC}") = "FizzBuzz", "FizzBuzz\FizzBuzz.csproj", "{6E5B3D7B-EAF2-49C7-B7AF-73A88A59A26C}"
EndProject
Project("{FAE04EC0-301F-11D3-BF4B-00C04F79EFBC}") = "FizzBuzz2", "FizzBuzz2\FizzBuzz2.csproj", "{9B12F262-DFAB-46C5-AF22-1AACA8E05163}"
EndProject
Project("{FAE04EC0-301F-11D3-BF4B-00C04F79EFBC}") = "HelloWorldPlusNum", "HelloWorldPlusNum\HelloWorldPlusNum.csproj", "{58A3ECF4-2008-4104-BFD1-980D9D7EF50B}"
EndProject
Project("{FAE04EC0-301F-11D3-BF4B-00C04F79EFBC}") = "AgeChecker", "AgeChecker\AgeChecker.csproj", "{E11E0280-83A8-405E-884D-2509047A70DA}"
EndProject
Project("{FAE04EC0-301F-11D3-BF4B-00C04F79EFBC}") = "CreditcardChecker", "CreditcardChecker\CreditcardChecker.csproj", "{67F9A40D-1E0A-413E-AE5B-43737698320A}"
EndProject
Project("{FAE04EC0-301F-11D3-BF4B-00C04F79EFBC}") = "PythonEksamen", "PythonEksamen\PythonEksamen.csproj", "{6E20BC52-FD49-4ED9-8CC6-F67035C3680E}"
EndProject
Project("{FAE04EC0-301F-11D3-BF4B-00C04F79EFBC}") = "Basics", "Basics\Basics.csproj", "{19CE3E9B-C1FA-4A9B-9BED-C00E8DEC6307}"
EndProject
Project("{FAE04EC0-301F-11D3-BF4B-00C04F79EFBC}") = "Peoples", "Peoples\Peoples.csproj", "{023DBA8A-6EAE-478F-8236-7F2B37FE3ECA}"
EndProject
Project("{FAE04EC0-301F-11D3-BF4B-00C04F79EFBC}") = "PetsInClass", "PetsInClass\PetsInClass.csproj", "{9D0B1B9E-5BE0-4A08-8855-8BDC66E65B6C}"
EndProject
Project("{FAE04EC0-301F-11D3-BF4B-00C04F79EFBC}") = "GamesApp", "GamesApp\GamesApp.csproj", "{F73ED524-ECA1-4C3E-95F7-384E1D08930D}"
EndProject
Project("{FAE04EC0-301F-11D3-BF4B-00C04F79EFBC}") = "MyMath", "MyMath\MyMath.csproj", "{3D8192FD-6183-48B1-840C-A263F745BDD6}"
EndProject
Project("{FAE04EC0-301F-11D3-BF4B-00C04F79EFBC}") = "MathTester", "MathTester\MathTester.csproj", "{3A98D3F9-D279-4862-BB32-C65271FBC004}"
EndProject
Project("{FAE04EC0-301F-11D3-BF4B-00C04F79EFBC}") = "BookXample", "BookXample\BookXample.csproj", "{510F452C-4D88-4A91-9F43-1652986872AF}"
EndProject
Project("{FAE04EC0-301F-11D3-BF4B-00C04F79EFBC}") = "UserInput", "UserInput\UserInput.csproj", "{7108FA1B-08E3-4616-A734-5518A3B601E4}"
EndProject
Project("{FAE04EC0-301F-11D3-BF4B-00C04F79EFBC}") = "Weather", "Weather\Weather.csproj", "{25B1A60A-4D91-4B61-A075-C49FD13478CE}"
EndProject
Project("{FAE04EC0-301F-11D3-BF4B-00C04F79EFBC}") = "Weather2.0", "Weather2.0\Weather2.0.csproj", "{21EB2D25-E5F9-45F8-9315-031393A60F55}"
EndProject
Project("{FAE04EC0-301F-11D3-BF4B-00C04F79EFBC}") = "ReverseText", "ReverseText\ReverseText.csproj", "{FA08BCAD-BA8B-46FD-9E80-4DF70AE4CE0B}"
EndProject
Project("{FAE04EC0-301F-11D3-BF4B-00C04F79EFBC}") = "palindromes", "palindromes\palindromes.csproj", "{0085ACB7-79C8-4A37-A15E-C7EFED7A6230}"
EndProject
Project("{FAE04EC0-301F-11D3-BF4B-00C04F79EFBC}") = "AverageNumbers", "AverageNumbers\AverageNumbers.csproj", "{DA8F05CA-BD88-4329-90D3-098E52D93DB7}"
EndProject
Project("{2150E333-8FDC-42A3-9474-1A3956D46DE8}") = "Class26.02.24", "Class26.02.24", "{A92A77A4-1C64-47FB-8FA0-390F0C13F621}"
EndProject
Project("{FAE04EC0-301F-11D3-BF4B-00C04F79EFBC}") = "TextDecoratorInClass", "TextDecoratorInClass\TextDecoratorInClass.csproj", "{112B40FE-00D4-4227-8D7D-73A1947F6EE9}"
EndProject
Project("{FAE04EC0-301F-11D3-BF4B-00C04F79EFBC}") = "RPGCharacters", "..\RPGCharacters\RPGCharacters\RPGCharacters.csproj", "{A009EAB7-A619-497C-B52A-ABEAD7956585}"
EndProject
Project("{FAE04EC0-301F-11D3-BF4B-00C04F79EFBC}") = "Lamda", "Lamda\Lamda.csproj", "{9D74F7AB-147D-46D6-891C-368BB6ABBC29}"
EndProject
Project("{FAE04EC0-301F-11D3-BF4B-00C04F79EFBC}") = "PrintToX", "PrintToX\PrintToX.csproj", "{F81FB67C-8A4D-44BD-A165-278863D4A6FD}"
EndProject
Project("{FAE04EC0-301F-11D3-BF4B-00C04F79EFBC}") = "FilterExample", "FilterExample\FilterExample.csproj", "{EF13443F-82AD-470E-A53F-B265C74A637E}"
EndProject
Project("{FAE04EC0-301F-11D3-BF4B-00C04F79EFBC}") = "Generics1", "Generics1\Generics1.csproj", "{71C83634-1C1F-4216-AF35-E9BB4B480AA6}"
EndProject
Global
	GlobalSection(SolutionConfigurationPlatforms) = preSolution
		Debug|Any CPU = Debug|Any CPU
		Release|Any CPU = Release|Any CPU
	EndGlobalSection
	GlobalSection(ProjectConfigurationPlatforms) = postSolution
		{4D51D3AF-838C-402E-9250-8E242DE498B5}.Debug|Any CPU.ActiveCfg = Debug|Any CPU
		{4D51D3AF-838C-402E-9250-8E242DE498B5}.Debug|Any CPU.Build.0 = Debug|Any CPU
		{4D51D3AF-838C-402E-9250-8E242DE498B5}.Release|Any CPU.ActiveCfg = Release|Any CPU
		{4D51D3AF-838C-402E-9250-8E242DE498B5}.Release|Any CPU.Build.0 = Release|Any CPU
		{6E5B3D7B-EAF2-49C7-B7AF-73A88A59A26C}.Debug|Any CPU.ActiveCfg = Debug|Any CPU
		{6E5B3D7B-EAF2-49C7-B7AF-73A88A59A26C}.Debug|Any CPU.Build.0 = Debug|Any CPU
		{6E5B3D7B-EAF2-49C7-B7AF-73A88A59A26C}.Release|Any CPU.ActiveCfg = Release|Any CPU
		{6E5B3D7B-EAF2-49C7-B7AF-73A88A59A26C}.Release|Any CPU.Build.0 = Release|Any CPU
		{9B12F262-DFAB-46C5-AF22-1AACA8E05163}.Debug|Any CPU.ActiveCfg = Debug|Any CPU
		{9B12F262-DFAB-46C5-AF22-1AACA8E05163}.Debug|Any CPU.Build.0 = Debug|Any CPU
		{9B12F262-DFAB-46C5-AF22-1AACA8E05163}.Release|Any CPU.ActiveCfg = Release|Any CPU
		{9B12F262-DFAB-46C5-AF22-1AACA8E05163}.Release|Any CPU.Build.0 = Release|Any CPU
		{58A3ECF4-2008-4104-BFD1-980D9D7EF50B}.Debug|Any CPU.ActiveCfg = Debug|Any CPU
		{58A3ECF4-2008-4104-BFD1-980D9D7EF50B}.Debug|Any CPU.Build.0 = Debug|Any CPU
		{58A3ECF4-2008-4104-BFD1-980D9D7EF50B}.Release|Any CPU.ActiveCfg = Release|Any CPU
		{58A3ECF4-2008-4104-BFD1-980D9D7EF50B}.Release|Any CPU.Build.0 = Release|Any CPU
		{E11E0280-83A8-405E-884D-2509047A70DA}.Debug|Any CPU.ActiveCfg = Debug|Any CPU
		{E11E0280-83A8-405E-884D-2509047A70DA}.Debug|Any CPU.Build.0 = Debug|Any CPU
		{E11E0280-83A8-405E-884D-2509047A70DA}.Release|Any CPU.ActiveCfg = Release|Any CPU
		{E11E0280-83A8-405E-884D-2509047A70DA}.Release|Any CPU.Build.0 = Release|Any CPU
		{67F9A40D-1E0A-413E-AE5B-43737698320A}.Debug|Any CPU.ActiveCfg = Debug|Any CPU
		{67F9A40D-1E0A-413E-AE5B-43737698320A}.Debug|Any CPU.Build.0 = Debug|Any CPU
		{67F9A40D-1E0A-413E-AE5B-43737698320A}.Release|Any CPU.ActiveCfg = Release|Any CPU
		{67F9A40D-1E0A-413E-AE5B-43737698320A}.Release|Any CPU.Build.0 = Release|Any CPU
		{6E20BC52-FD49-4ED9-8CC6-F67035C3680E}.Debug|Any CPU.ActiveCfg = Debug|Any CPU
		{6E20BC52-FD49-4ED9-8CC6-F67035C3680E}.Debug|Any CPU.Build.0 = Debug|Any CPU
		{6E20BC52-FD49-4ED9-8CC6-F67035C3680E}.Release|Any CPU.ActiveCfg = Release|Any CPU
		{6E20BC52-FD49-4ED9-8CC6-F67035C3680E}.Release|Any CPU.Build.0 = Release|Any CPU
		{19CE3E9B-C1FA-4A9B-9BED-C00E8DEC6307}.Debug|Any CPU.ActiveCfg = Debug|Any CPU
		{19CE3E9B-C1FA-4A9B-9BED-C00E8DEC6307}.Debug|Any CPU.Build.0 = Debug|Any CPU
		{19CE3E9B-C1FA-4A9B-9BED-C00E8DEC6307}.Release|Any CPU.ActiveCfg = Release|Any CPU
		{19CE3E9B-C1FA-4A9B-9BED-C00E8DEC6307}.Release|Any CPU.Build.0 = Release|Any CPU
		{023DBA8A-6EAE-478F-8236-7F2B37FE3ECA}.Debug|Any CPU.ActiveCfg = Debug|Any CPU
		{023DBA8A-6EAE-478F-8236-7F2B37FE3ECA}.Debug|Any CPU.Build.0 = Debug|Any CPU
		{023DBA8A-6EAE-478F-8236-7F2B37FE3ECA}.Release|Any CPU.ActiveCfg = Release|Any CPU
		{023DBA8A-6EAE-478F-8236-7F2B37FE3ECA}.Release|Any CPU.Build.0 = Release|Any CPU
		{9D0B1B9E-5BE0-4A08-8855-8BDC66E65B6C}.Debug|Any CPU.ActiveCfg = Debug|Any CPU
		{9D0B1B9E-5BE0-4A08-8855-8BDC66E65B6C}.Debug|Any CPU.Build.0 = Debug|Any CPU
		{9D0B1B9E-5BE0-4A08-8855-8BDC66E65B6C}.Release|Any CPU.ActiveCfg = Release|Any CPU
		{9D0B1B9E-5BE0-4A08-8855-8BDC66E65B6C}.Release|Any CPU.Build.0 = Release|Any CPU
		{F73ED524-ECA1-4C3E-95F7-384E1D08930D}.Debug|Any CPU.ActiveCfg = Debug|Any CPU
		{F73ED524-ECA1-4C3E-95F7-384E1D08930D}.Debug|Any CPU.Build.0 = Debug|Any CPU
		{F73ED524-ECA1-4C3E-95F7-384E1D08930D}.Release|Any CPU.ActiveCfg = Release|Any CPU
		{F73ED524-ECA1-4C3E-95F7-384E1D08930D}.Release|Any CPU.Build.0 = Release|Any CPU
		{3D8192FD-6183-48B1-840C-A263F745BDD6}.Debug|Any CPU.ActiveCfg = Debug|Any CPU
		{3D8192FD-6183-48B1-840C-A263F745BDD6}.Debug|Any CPU.Build.0 = Debug|Any CPU
		{3D8192FD-6183-48B1-840C-A263F745BDD6}.Release|Any CPU.ActiveCfg = Release|Any CPU
		{3D8192FD-6183-48B1-840C-A263F745BDD6}.Release|Any CPU.Build.0 = Release|Any CPU
		{3A98D3F9-D279-4862-BB32-C65271FBC004}.Debug|Any CPU.ActiveCfg = Debug|Any CPU
		{3A98D3F9-D279-4862-BB32-C65271FBC004}.Debug|Any CPU.Build.0 = Debug|Any CPU
		{3A98D3F9-D279-4862-BB32-C65271FBC004}.Release|Any CPU.ActiveCfg = Release|Any CPU
		{3A98D3F9-D279-4862-BB32-C65271FBC004}.Release|Any CPU.Build.0 = Release|Any CPU
		{510F452C-4D88-4A91-9F43-1652986872AF}.Debug|Any CPU.ActiveCfg = Debug|Any CPU
		{510F452C-4D88-4A91-9F43-1652986872AF}.Debug|Any CPU.Build.0 = Debug|Any CPU
		{510F452C-4D88-4A91-9F43-1652986872AF}.Release|Any CPU.ActiveCfg = Release|Any CPU
		{510F452C-4D88-4A91-9F43-1652986872AF}.Release|Any CPU.Build.0 = Release|Any CPU
		{7108FA1B-08E3-4616-A734-5518A3B601E4}.Debug|Any CPU.ActiveCfg = Debug|Any CPU
		{7108FA1B-08E3-4616-A734-5518A3B601E4}.Debug|Any CPU.Build.0 = Debug|Any CPU
		{7108FA1B-08E3-4616-A734-5518A3B601E4}.Release|Any CPU.ActiveCfg = Release|Any CPU
		{7108FA1B-08E3-4616-A734-5518A3B601E4}.Release|Any CPU.Build.0 = Release|Any CPU
		{25B1A60A-4D91-4B61-A075-C49FD13478CE}.Debug|Any CPU.ActiveCfg = Debug|Any CPU
		{25B1A60A-4D91-4B61-A075-C49FD13478CE}.Debug|Any CPU.Build.0 = Debug|Any CPU
		{25B1A60A-4D91-4B61-A075-C49FD13478CE}.Release|Any CPU.ActiveCfg = Release|Any CPU
		{25B1A60A-4D91-4B61-A075-C49FD13478CE}.Release|Any CPU.Build.0 = Release|Any CPU
		{21EB2D25-E5F9-45F8-9315-031393A60F55}.Debug|Any CPU.ActiveCfg = Debug|Any CPU
		{21EB2D25-E5F9-45F8-9315-031393A60F55}.Debug|Any CPU.Build.0 = Debug|Any CPU
		{21EB2D25-E5F9-45F8-9315-031393A60F55}.Release|Any CPU.ActiveCfg = Release|Any CPU
		{21EB2D25-E5F9-45F8-9315-031393A60F55}.Release|Any CPU.Build.0 = Release|Any CPU
		{FA08BCAD-BA8B-46FD-9E80-4DF70AE4CE0B}.Debug|Any CPU.ActiveCfg = Debug|Any CPU
		{FA08BCAD-BA8B-46FD-9E80-4DF70AE4CE0B}.Debug|Any CPU.Build.0 = Debug|Any CPU
		{FA08BCAD-BA8B-46FD-9E80-4DF70AE4CE0B}.Release|Any CPU.ActiveCfg = Release|Any CPU
		{FA08BCAD-BA8B-46FD-9E80-4DF70AE4CE0B}.Release|Any CPU.Build.0 = Release|Any CPU
		{0085ACB7-79C8-4A37-A15E-C7EFED7A6230}.Debug|Any CPU.ActiveCfg = Debug|Any CPU
		{0085ACB7-79C8-4A37-A15E-C7EFED7A6230}.Debug|Any CPU.Build.0 = Debug|Any CPU
		{0085ACB7-79C8-4A37-A15E-C7EFED7A6230}.Release|Any CPU.ActiveCfg = Release|Any CPU
		{0085ACB7-79C8-4A37-A15E-C7EFED7A6230}.Release|Any CPU.Build.0 = Release|Any CPU
		{DA8F05CA-BD88-4329-90D3-098E52D93DB7}.Debug|Any CPU.ActiveCfg = Debug|Any CPU
		{DA8F05CA-BD88-4329-90D3-098E52D93DB7}.Debug|Any CPU.Build.0 = Debug|Any CPU
		{DA8F05CA-BD88-4329-90D3-098E52D93DB7}.Release|Any CPU.ActiveCfg = Release|Any CPU
		{DA8F05CA-BD88-4329-90D3-098E52D93DB7}.Release|Any CPU.Build.0 = Release|Any CPU
		{112B40FE-00D4-4227-8D7D-73A1947F6EE9}.Debug|Any CPU.ActiveCfg = Debug|Any CPU
		{112B40FE-00D4-4227-8D7D-73A1947F6EE9}.Debug|Any CPU.Build.0 = Debug|Any CPU
		{112B40FE-00D4-4227-8D7D-73A1947F6EE9}.Release|Any CPU.ActiveCfg = Release|Any CPU
		{112B40FE-00D4-4227-8D7D-73A1947F6EE9}.Release|Any CPU.Build.0 = Release|Any CPU
		{A009EAB7-A619-497C-B52A-ABEAD7956585}.Debug|Any CPU.ActiveCfg = Debug|Any CPU
		{A009EAB7-A619-497C-B52A-ABEAD7956585}.Debug|Any CPU.Build.0 = Debug|Any CPU
		{A009EAB7-A619-497C-B52A-ABEAD7956585}.Release|Any CPU.ActiveCfg = Release|Any CPU
		{A009EAB7-A619-497C-B52A-ABEAD7956585}.Release|Any CPU.Build.0 = Release|Any CPU
		{9D74F7AB-147D-46D6-891C-368BB6ABBC29}.Debug|Any CPU.ActiveCfg = Debug|Any CPU
		{9D74F7AB-147D-46D6-891C-368BB6ABBC29}.Debug|Any CPU.Build.0 = Debug|Any CPU
		{9D74F7AB-147D-46D6-891C-368BB6ABBC29}.Release|Any CPU.ActiveCfg = Release|Any CPU
		{9D74F7AB-147D-46D6-891C-368BB6ABBC29}.Release|Any CPU.Build.0 = Release|Any CPU
		{F81FB67C-8A4D-44BD-A165-278863D4A6FD}.Debug|Any CPU.ActiveCfg = Debug|Any CPU
		{F81FB67C-8A4D-44BD-A165-278863D4A6FD}.Debug|Any CPU.Build.0 = Debug|Any CPU
		{F81FB67C-8A4D-44BD-A165-278863D4A6FD}.Release|Any CPU.ActiveCfg = Release|Any CPU
		{F81FB67C-8A4D-44BD-A165-278863D4A6FD}.Release|Any CPU.Build.0 = Release|Any CPU
		{EF13443F-82AD-470E-A53F-B265C74A637E}.Debug|Any CPU.ActiveCfg = Debug|Any CPU
		{EF13443F-82AD-470E-A53F-B265C74A637E}.Debug|Any CPU.Build.0 = Debug|Any CPU
		{EF13443F-82AD-470E-A53F-B265C74A637E}.Release|Any CPU.ActiveCfg = Release|Any CPU
		{EF13443F-82AD-470E-A53F-B265C74A637E}.Release|Any CPU.Build.0 = Release|Any CPU
		{71C83634-1C1F-4216-AF35-E9BB4B480AA6}.Debug|Any CPU.ActiveCfg = Debug|Any CPU
		{71C83634-1C1F-4216-AF35-E9BB4B480AA6}.Debug|Any CPU.Build.0 = Debug|Any CPU
		{71C83634-1C1F-4216-AF35-E9BB4B480AA6}.Release|Any CPU.ActiveCfg = Release|Any CPU
		{71C83634-1C1F-4216-AF35-E9BB4B480AA6}.Release|Any CPU.Build.0 = Release|Any CPU
	EndGlobalSection
	GlobalSection(NestedProjects) = preSolution
		{DA8F05CA-BD88-4329-90D3-098E52D93DB7} = {A92A77A4-1C64-47FB-8FA0-390F0C13F621}
		{0085ACB7-79C8-4A37-A15E-C7EFED7A6230} = {A92A77A4-1C64-47FB-8FA0-390F0C13F621}
		{FA08BCAD-BA8B-46FD-9E80-4DF70AE4CE0B} = {A92A77A4-1C64-47FB-8FA0-390F0C13F621}
	EndGlobalSection
EndGlobal
